// !$*UTF8*$!
{
	archiveVersion = 1;
	classes = {
	};
	objectVersion = 56;
	objects = {

/* Begin PBXBuildFile section */
		F93201F329FBE214006037CF /* AppDelegate.swift in Sources */ = {isa = PBXBuildFile; fileRef = F93201F229FBE214006037CF /* AppDelegate.swift */; };
		F93201F529FBE214006037CF /* GameScene.sks in Resources */ = {isa = PBXBuildFile; fileRef = F93201F429FBE214006037CF /* GameScene.sks */; };
		F93201F729FBE214006037CF /* Actions.sks in Resources */ = {isa = PBXBuildFile; fileRef = F93201F629FBE214006037CF /* Actions.sks */; };
		F93201F929FBE214006037CF /* GameScene.swift in Sources */ = {isa = PBXBuildFile; fileRef = F93201F829FBE214006037CF /* GameScene.swift */; };
		F93201FB29FBE214006037CF /* GameViewController.swift in Sources */ = {isa = PBXBuildFile; fileRef = F93201FA29FBE214006037CF /* GameViewController.swift */; };
		F93201FE29FBE214006037CF /* Main.storyboard in Resources */ = {isa = PBXBuildFile; fileRef = F93201FC29FBE214006037CF /* Main.storyboard */; };
		F932020029FBE215006037CF /* Assets.xcassets in Resources */ = {isa = PBXBuildFile; fileRef = F93201FF29FBE215006037CF /* Assets.xcassets */; };
		F932020329FBE215006037CF /* LaunchScreen.storyboard in Resources */ = {isa = PBXBuildFile; fileRef = F932020129FBE215006037CF /* LaunchScreen.storyboard */; };
		F932020A29FBE22E006037CF /* FireTrace.sks in Resources */ = {isa = PBXBuildFile; fileRef = F932020929FBE22E006037CF /* FireTrace.sks */; };
		F932020C29FBE422006037CF /* Naruto.sks in Resources */ = {isa = PBXBuildFile; fileRef = F932020B29FBE422006037CF /* Naruto.sks */; };
		F933673F29FC26FE00F33A8F /* Spark.sks in Resources */ = {isa = PBXBuildFile; fileRef = F933673E29FC26FE00F33A8F /* Spark.sks */; };
/* End PBXBuildFile section */

/* Begin PBXFileReference section */
		F93201EF29FBE214006037CF /* DemoParticle.app */ = {isa = PBXFileReference; explicitFileType = wrapper.application; includeInIndex = 0; path = DemoParticle.app; sourceTree = BUILT_PRODUCTS_DIR; };
		F93201F229FBE214006037CF /* AppDelegate.swift */ = {isa = PBXFileReference; lastKnownFileType = sourcecode.swift; path = AppDelegate.swift; sourceTree = "<group>"; };
		F93201F429FBE214006037CF /* GameScene.sks */ = {isa = PBXFileReference; lastKnownFileType = file.sks; path = GameScene.sks; sourceTree = "<group>"; };
		F93201F629FBE214006037CF /* Actions.sks */ = {isa = PBXFileReference; lastKnownFileType = file.sks; path = Actions.sks; sourceTree = "<group>"; };
		F93201F829FBE214006037CF /* GameScene.swift */ = {isa = PBXFileReference; lastKnownFileType = sourcecode.swift; path = GameScene.swift; sourceTree = "<group>"; };
		F93201FA29FBE214006037CF /* GameViewController.swift */ = {isa = PBXFileReference; lastKnownFileType = sourcecode.swift; path = GameViewController.swift; sourceTree = "<group>"; };
		F93201FD29FBE214006037CF /* Base */ = {isa = PBXFileReference; lastKnownFileType = file.storyboard; name = Base; path = Base.lproj/Main.storyboard; sourceTree = "<group>"; };
		F93201FF29FBE215006037CF /* Assets.xcassets */ = {isa = PBXFileReference; lastKnownFileType = folder.assetcatalog; path = Assets.xcassets; sourceTree = "<group>"; };
		F932020229FBE215006037CF /* Base */ = {isa = PBXFileReference; lastKnownFileType = file.storyboard; name = Base; path = Base.lproj/LaunchScreen.storyboard; sourceTree = "<group>"; };
		F932020929FBE22E006037CF /* FireTrace.sks */ = {isa = PBXFileReference; lastKnownFileType = file.sks; path = FireTrace.sks; sourceTree = "<group>"; };
		F932020B29FBE422006037CF /* Naruto.sks */ = {isa = PBXFileReference; lastKnownFileType = file.sks; path = Naruto.sks; sourceTree = "<group>"; };
		F933673E29FC26FE00F33A8F /* Spark.sks */ = {isa = PBXFileReference; lastKnownFileType = file.sks; path = Spark.sks; sourceTree = "<group>"; };
/* End PBXFileReference section */

/* Begin PBXFrameworksBuildPhase section */
		F93201EC29FBE214006037CF /* Frameworks */ = {
			isa = PBXFrameworksBuildPhase;
			buildActionMask = 2147483647;
			files = (
			);
			runOnlyForDeploymentPostprocessing = 0;
		};
/* End PBXFrameworksBuildPhase section */

/* Begin PBXGroup section */
		F93201E629FBE214006037CF = {
			isa = PBXGroup;
			children = (
				F93201F129FBE214006037CF /* DemoParticle */,
				F93201F029FBE214006037CF /* Products */,
			);
			sourceTree = "<group>";
		};
		F93201F029FBE214006037CF /* Products */ = {
			isa = PBXGroup;
			children = (
				F93201EF29FBE214006037CF /* DemoParticle.app */,
			);
			name = Products;
			sourceTree = "<group>";
		};
		F93201F129FBE214006037CF /* DemoParticle */ = {
			isa = PBXGroup;
			children = (
				F93201F229FBE214006037CF /* AppDelegate.swift */,
				F93201F429FBE214006037CF /* GameScene.sks */,
				F932020B29FBE422006037CF /* Naruto.sks */,
				F93201F629FBE214006037CF /* Actions.sks */,
				F93201F829FBE214006037CF /* GameScene.swift */,
				F93201FA29FBE214006037CF /* GameViewController.swift */,
				F93201FC29FBE214006037CF /* Main.storyboard */,
				F93201FF29FBE215006037CF /* Assets.xcassets */,
				F932020929FBE22E006037CF /* FireTrace.sks */,
				F933673E29FC26FE00F33A8F /* Spark.sks */,
				F932020129FBE215006037CF /* LaunchScreen.storyboard */,
			);
			path = DemoParticle;
			sourceTree = "<group>";
		};
/* End PBXGroup section */

/* Begin PBXNativeTarget section */
		F93201EE29FBE214006037CF /* DemoParticle */ = {
			isa = PBXNativeTarget;
			buildConfigurationList = F932020629FBE215006037CF /* Build configuration list for PBXNativeTarget "DemoParticle" */;
			buildPhases = (
				F93201EB29FBE214006037CF /* Sources */,
				F93201EC29FBE214006037CF /* Frameworks */,
				F93201ED29FBE214006037CF /* Resources */,
			);
			buildRules = (
			);
			dependencies = (
			);
			name = DemoParticle;
			productName = DemoParticle;
			productReference = F93201EF29FBE214006037CF /* DemoParticle.app */;
			productType = "com.apple.product-type.application";
		};
/* End PBXNativeTarget section */

/* Begin PBXProject section */
		F93201E729FBE214006037CF /* Project object */ = {
			isa = PBXProject;
			attributes = {
				BuildIndependentTargetsInParallel = 1;
				LastSwiftUpdateCheck = 1420;
				LastUpgradeCheck = 1420;
				TargetAttributes = {
					F93201EE29FBE214006037CF = {
						CreatedOnToolsVersion = 14.2;
					};
				};
			};
			buildConfigurationList = F93201EA29FBE214006037CF /* Build configuration list for PBXProject "DemoParticle" */;
			compatibilityVersion = "Xcode 14.0";
			developmentRegion = en;
			hasScannedForEncodings = 0;
			knownRegions = (
				en,
				Base,
			);
			mainGroup = F93201E629FBE214006037CF;
			productRefGroup = F93201F029FBE214006037CF /* Products */;
			projectDirPath = "";
			projectRoot = "";
			targets = (
				F93201EE29FBE214006037CF /* DemoParticle */,
			);
		};
/* End PBXProject section */

/* Begin PBXResourcesBuildPhase section */
		F93201ED29FBE214006037CF /* Resources */ = {
			isa = PBXResourcesBuildPhase;
			buildActionMask = 2147483647;
			files = (
				F93201FE29FBE214006037CF /* Main.storyboard in Resources */,
				F933673F29FC26FE00F33A8F /* Spark.sks in Resources */,
				F93201F529FBE214006037CF /* GameScene.sks in Resources */,
				F932020029FBE215006037CF /* Assets.xcassets in Resources */,
				F932020C29FBE422006037CF /* Naruto.sks in Resources */,
				F932020329FBE215006037CF /* LaunchScreen.storyboard in Resources */,
				F93201F729FBE214006037CF /* Actions.sks in Resources */,
				F932020A29FBE22E006037CF /* FireTrace.sks in Resources */,
			);
			runOnlyForDeploymentPostprocessing = 0;
		};
/* End PBXResourcesBuildPhase section */

/* Begin PBXSourcesBuildPhase section */
		F93201EB29FBE214006037CF /* Sources */ = {
			isa = PBXSourcesBuildPhase;
			buildActionMask = 2147483647;
			files = (
				F93201F929FBE214006037CF /* GameScene.swift in Sources */,
				F93201FB29FBE214006037CF /* GameViewController.swift in Sources */,
				F93201F329FBE214006037CF /* AppDelegate.swift in Sources */,
			);
			runOnlyForDeploymentPostprocessing = 0;
		};
/* End PBXSourcesBuildPhase section */

/* Begin PBXVariantGroup section */
		F93201FC29FBE214006037CF /* Main.storyboard */ = {
			isa = PBXVariantGroup;
			children = (
				F93201FD29FBE214006037CF /* Base */,
			);
			name = Main.storyboard;
			sourceTree = "<group>";
		};
		F932020129FBE215006037CF /* LaunchScreen.storyboard */ = {
			isa = PBXVariantGroup;
			children = (
				F932020229FBE215006037CF /* Base */,
			);
			name = LaunchScreen.storyboard;
			sourceTree = "<group>";
		};
/* End PBXVariantGroup section */

/* Begin XCBuildConfiguration section */
		F932020429FBE215006037CF /* Debug */ = {
			isa = XCBuildConfiguration;
			buildSettings = {
				ALWAYS_SEARCH_USER_PATHS = NO;
				CLANG_ANALYZER_NONNULL = YES;
				CLANG_ANALYZER_NUMBER_OBJECT_CONVERSION = YES_AGGRESSIVE;
				CLANG_CXX_LANGUAGE_STANDARD = "gnu++20";
				CLANG_ENABLE_MODULES = YES;
				CLANG_ENABLE_OBJC_ARC = YES;
				CLANG_ENABLE_OBJC_WEAK = YES;
				CLANG_WARN_BLOCK_CAPTURE_AUTORELEASING = YES;
				CLANG_WARN_BOOL_CONVERSION = YES;
				CLANG_WARN_COMMA = YES;
				CLANG_WARN_CONSTANT_CONVERSION = YES;
				CLANG_WARN_DEPRECATED_OBJC_IMPLEMENTATIONS = YES;
				CLANG_WARN_DIRECT_OBJC_ISA_USAGE = YES_ERROR;
				CLANG_WARN_DOCUMENTATION_COMMENTS = YES;
				CLANG_WARN_EMPTY_BODY = YES;
				CLANG_WARN_ENUM_CONVERSION = YES;
				CLANG_WARN_INFINITE_RECURSION = YES;
				CLANG_WARN_INT_CONVERSION = YES;
				CLANG_WARN_NON_LITERAL_NULL_CONVERSION = YES;
				CLANG_WARN_OBJC_IMPLICIT_RETAIN_SELF = YES;
				CLANG_WARN_OBJC_LITERAL_CONVERSION = YES;
				CLANG_WARN_OBJC_ROOT_CLASS = YES_ERROR;
				CLANG_WARN_QUOTED_INCLUDE_IN_FRAMEWORK_HEADER = YES;
				CLANG_WARN_RANGE_LOOP_ANALYSIS = YES;
				CLANG_WARN_STRICT_PROTOTYPES = YES;
				CLANG_WARN_SUSPICIOUS_MOVE = YES;
				CLANG_WARN_UNGUARDED_AVAILABILITY = YES_AGGRESSIVE;
				CLANG_WARN_UNREACHABLE_CODE = YES;
				CLANG_WARN__DUPLICATE_METHOD_MATCH = YES;
				COPY_PHASE_STRIP = NO;
				DEBUG_INFORMATION_FORMAT = dwarf;
				ENABLE_STRICT_OBJC_MSGSEND = YES;
				ENABLE_TESTABILITY = YES;
				GCC_C_LANGUAGE_STANDARD = gnu11;
				GCC_DYNAMIC_NO_PIC = NO;
				GCC_NO_COMMON_BLOCKS = YES;
				GCC_OPTIMIZATION_LEVEL = 0;
				GCC_PREPROCESSOR_DEFINITIONS = (
					"DEBUG=1",
					"$(inherited)",
				);
				GCC_WARN_64_TO_32_BIT_CONVERSION = YES;
				GCC_WARN_ABOUT_RETURN_TYPE = YES_ERROR;
				GCC_WARN_UNDECLARED_SELECTOR = YES;
				GCC_WARN_UNINITIALIZED_AUTOS = YES_AGGRESSIVE;
				GCC_WARN_UNUSED_FUNCTION = YES;
				GCC_WARN_UNUSED_VARIABLE = YES;
				IPHONEOS_DEPLOYMENT_TARGET = 16.2;
				MTL_ENABLE_DEBUG_INFO = INCLUDE_SOURCE;
				MTL_FAST_MATH = YES;
				ONLY_ACTIVE_ARCH = YES;
				SDKROOT = iphoneos;
				SWIFT_ACTIVE_COMPILATION_CONDITIONS = DEBUG;
				SWIFT_OPTIMIZATION_LEVEL = "-Onone";
			};
			name = Debug;
		};
		F932020529FBE215006037CF /* Release */ = {
			isa = XCBuildConfiguration;
			buildSettings = {
				ALWAYS_SEARCH_USER_PATHS = NO;
				CLANG_ANALYZER_NONNULL = YES;
				CLANG_ANALYZER_NUMBER_OBJECT_CONVERSION = YES_AGGRESSIVE;
				CLANG_CXX_LANGUAGE_STANDARD = "gnu++20";
				CLANG_ENABLE_MODULES = YES;
				CLANG_ENABLE_OBJC_ARC = YES;
				CLANG_ENABLE_OBJC_WEAK = YES;
				CLANG_WARN_BLOCK_CAPTURE_AUTORELEASING = YES;
				CLANG_WARN_BOOL_CONVERSION = YES;
				CLANG_WARN_COMMA = YES;
				CLANG_WARN_CONSTANT_CONVERSION = YES;
				CLANG_WARN_DEPRECATED_OBJC_IMPLEMENTATIONS = YES;
				CLANG_WARN_DIRECT_OBJC_ISA_USAGE = YES_ERROR;
				CLANG_WARN_DOCUMENTATION_COMMENTS = YES;
				CLANG_WARN_EMPTY_BODY = YES;
				CLANG_WARN_ENUM_CONVERSION = YES;
				CLANG_WARN_INFINITE_RECURSION = YES;
				CLANG_WARN_INT_CONVERSION = YES;
				CLANG_WARN_NON_LITERAL_NULL_CONVERSION = YES;
				CLANG_WARN_OBJC_IMPLICIT_RETAIN_SELF = YES;
				CLANG_WARN_OBJC_LITERAL_CONVERSION = YES;
				CLANG_WARN_OBJC_ROOT_CLASS = YES_ERROR;
				CLANG_WARN_QUOTED_INCLUDE_IN_FRAMEWORK_HEADER = YES;
				CLANG_WARN_RANGE_LOOP_ANALYSIS = YES;
				CLANG_WARN_STRICT_PROTOTYPES = YES;
				CLANG_WARN_SUSPICIOUS_MOVE = YES;
				CLANG_WARN_UNGUARDED_AVAILABILITY = YES_AGGRESSIVE;
				CLANG_WARN_UNREACHABLE_CODE = YES;
				CLANG_WARN__DUPLICATE_METHOD_MATCH = YES;
				COPY_PHASE_STRIP = NO;
				DEBUG_INFORMATION_FORMAT = "dwarf-with-dsym";
				ENABLE_NS_ASSERTIONS = NO;
				ENABLE_STRICT_OBJC_MSGSEND = YES;
				GCC_C_LANGUAGE_STANDARD = gnu11;
				GCC_NO_COMMON_BLOCKS = YES;
				GCC_WARN_64_TO_32_BIT_CONVERSION = YES;
				GCC_WARN_ABOUT_RETURN_TYPE = YES_ERROR;
				GCC_WARN_UNDECLARED_SELECTOR = YES;
				GCC_WARN_UNINITIALIZED_AUTOS = YES_AGGRESSIVE;
				GCC_WARN_UNUSED_FUNCTION = YES;
				GCC_WARN_UNUSED_VARIABLE = YES;
				IPHONEOS_DEPLOYMENT_TARGET = 16.2;
				MTL_ENABLE_DEBUG_INFO = NO;
				MTL_FAST_MATH = YES;
				SDKROOT = iphoneos;
				SWIFT_COMPILATION_MODE = wholemodule;
				SWIFT_OPTIMIZATION_LEVEL = "-O";
				VALIDATE_PRODUCT = YES;
			};
			name = Release;
		};
		F932020729FBE215006037CF /* Debug */ = {
			isa = XCBuildConfiguration;
			buildSettings = {
				ASSETCATALOG_COMPILER_APPICON_NAME = AppIcon;
				ASSETCATALOG_COMPILER_GLOBAL_ACCENT_COLOR_NAME = AccentColor;
				CODE_SIGN_STYLE = Automatic;
				CURRENT_PROJECT_VERSION = 1;
				DEVELOPMENT_TEAM = 2V5RBDFH46;
				GENERATE_INFOPLIST_FILE = YES;
				INFOPLIST_KEY_UIApplicationSupportsIndirectInputEvents = YES;
				INFOPLIST_KEY_UILaunchStoryboardName = LaunchScreen;
				INFOPLIST_KEY_UIMainStoryboardFile = Main;
				INFOPLIST_KEY_UIStatusBarHidden = YES;
				INFOPLIST_KEY_UISupportedInterfaceOrientations_iPad = "UIInterfaceOrientationPortrait UIInterfaceOrientationPortraitUpsideDown UIInterfaceOrientationLandscapeLeft UIInterfaceOrientationLandscapeRight";
				INFOPLIST_KEY_UISupportedInterfaceOrientations_iPhone = "UIInterfaceOrientationPortrait UIInterfaceOrientationLandscapeLeft UIInterfaceOrientationLandscapeRight";
				LD_RUNPATH_SEARCH_PATHS = (
					"$(inherited)",
					"@executable_path/Frameworks",
				);
				MARKETING_VERSION = 1.0;
				PRODUCT_BUNDLE_IDENTIFIER = "com.Pedro-Muller29.DemoParticle";
				PRODUCT_NAME = "$(TARGET_NAME)";
				SWIFT_EMIT_LOC_STRINGS = YES;
				SWIFT_VERSION = 5.0;
				TARGETED_DEVICE_FAMILY = "1,2";
			};
			name = Debug;
		};
		F932020829FBE215006037CF /* Release */ = {
			isa = XCBuildConfiguration;
			buildSettings = {
				ASSETCATALOG_COMPILER_APPICON_NAME = AppIcon;
				ASSETCATALOG_COMPILER_GLOBAL_ACCENT_COLOR_NAME = AccentColor;
				CODE_SIGN_STYLE = Automatic;
				CURRENT_PROJECT_VERSION = 1;
				DEVELOPMENT_TEAM = 2V5RBDFH46;
				GENERATE_INFOPLIST_FILE = YES;
				INFOPLIST_KEY_UIApplicationSupportsIndirectInputEvents = YES;
				INFOPLIST_KEY_UILaunchStoryboardName = LaunchScreen;
				INFOPLIST_KEY_UIMainStoryboardFile = Main;
				INFOPLIST_KEY_UIStatusBarHidden = YES;
				INFOPLIST_KEY_UISupportedInterfaceOrientations_iPad = "UIInterfaceOrientationPortrait UIInterfaceOrientationPortraitUpsideDown UIInterfaceOrientationLandscapeLeft UIInterfaceOrientationLandscapeRight";
				INFOPLIST_KEY_UISupportedInterfaceOrientations_iPhone = "UIInterfaceOrientationPortrait UIInterfaceOrientationLandscapeLeft UIInterfaceOrientationLandscapeRight";
				LD_RUNPATH_SEARCH_PATHS = (
					"$(inherited)",
					"@executable_path/Frameworks",
				);
				MARKETING_VERSION = 1.0;
				PRODUCT_BUNDLE_IDENTIFIER = "com.Pedro-Muller29.DemoParticle";
				PRODUCT_NAME = "$(TARGET_NAME)";
				SWIFT_EMIT_LOC_STRINGS = YES;
				SWIFT_VERSION = 5.0;
				TARGETED_DEVICE_FAMILY = "1,2";
			};
			name = Release;
		};
/* End XCBuildConfiguration section */

/* Begin XCConfigurationList section */
		F93201EA29FBE214006037CF /* Build configuration list for PBXProject "DemoParticle" */ = {
			isa = XCConfigurationList;
			buildConfigurations = (
				F932020429FBE215006037CF /* Debug */,
				F932020529FBE215006037CF /* Release */,
			);
			defaultConfigurationIsVisible = 0;
			defaultConfigurationName = Release;
		};
		F932020629FBE215006037CF /* Build configuration list for PBXNativeTarget "DemoParticle" */ = {
			isa = XCConfigurationList;
			buildConfigurations = (
				F932020729FBE215006037CF /* Debug */,
				F932020829FBE215006037CF /* Release */,
			);
			defaultConfigurationIsVisible = 0;
			defaultConfigurationName = Release;
		};
/* End XCConfigurationList section */
	};
	rootObject = F93201E729FBE214006037CF /* Project object */;
}
