// !$*UTF8*$!
{
	archiveVersion = 1;
	classes = {
	};
	objectVersion = 56;
	objects = {

/* Begin PBXBuildFile section */
		7CDBB2D72A12B561003EC549 /* HPBar.swift in Sources */ = {isa = PBXBuildFile; fileRef = 7CDBB2D62A12B561003EC549 /* HPBar.swift */; };
		9202EB022A0EAD0500F5A109 /* MainMenuView.swift in Sources */ = {isa = PBXBuildFile; fileRef = 9202EAFA2A0EAD0500F5A109 /* MainMenuView.swift */; };
		9202EB042A0EAD0500F5A109 /* Fonts in Resources */ = {isa = PBXBuildFile; fileRef = 9202EAFC2A0EAD0500F5A109 /* Fonts */; };
		9202EB052A0EAD0500F5A109 /* SettingsView.swift in Sources */ = {isa = PBXBuildFile; fileRef = 9202EAFD2A0EAD0500F5A109 /* SettingsView.swift */; };
		9202EB082A0EAD0500F5A109 /* PauseView.swift in Sources */ = {isa = PBXBuildFile; fileRef = 9202EB002A0EAD0500F5A109 /* PauseView.swift */; };
		9202EB092A0EAD0500F5A109 /* CreditsView.swift in Sources */ = {isa = PBXBuildFile; fileRef = 9202EB012A0EAD0500F5A109 /* CreditsView.swift */; };
		9202EB0B2A0EAD0F00F5A109 /* CustomSlider.swift in Sources */ = {isa = PBXBuildFile; fileRef = 9202EB0A2A0EAD0F00F5A109 /* CustomSlider.swift */; };
		92420C5B2A13F79500AE47A9 /* buttonClick.mp3 in Resources */ = {isa = PBXBuildFile; fileRef = 92420C5A2A13F79500AE47A9 /* buttonClick.mp3 */; };
		92420C5D2A13F79C00AE47A9 /* magicCast.wav in Resources */ = {isa = PBXBuildFile; fileRef = 92420C5C2A13F79C00AE47A9 /* magicCast.wav */; };
		92420C5F2A13F79F00AE47A9 /* basicAttack.wav in Resources */ = {isa = PBXBuildFile; fileRef = 92420C5E2A13F79F00AE47A9 /* basicAttack.wav */; };
		92420C612A13F7B700AE47A9 /* spiderDying.wav in Resources */ = {isa = PBXBuildFile; fileRef = 92420C602A13F7B700AE47A9 /* spiderDying.wav */; };
		92420C632A13F7BA00AE47A9 /* spiderAttack.wav in Resources */ = {isa = PBXBuildFile; fileRef = 92420C622A13F7BA00AE47A9 /* spiderAttack.wav */; };
		92420C652A13F7BC00AE47A9 /* spiderSpawn.wav in Resources */ = {isa = PBXBuildFile; fileRef = 92420C642A13F7BC00AE47A9 /* spiderSpawn.wav */; };
		92E3DF6A2A12C62B008A1AEE /* AudioManager.swift in Sources */ = {isa = PBXBuildFile; fileRef = 92E3DF692A12C62B008A1AEE /* AudioManager.swift */; };
		92E3DF6D2A12CA63008A1AEE /* FireAura.sks in Resources */ = {isa = PBXBuildFile; fileRef = 92E3DF6B2A12CA63008A1AEE /* FireAura.sks */; };
		92E3DF6E2A12CA63008A1AEE /* Assets.xcassets in Resources */ = {isa = PBXBuildFile; fileRef = 92E3DF6C2A12CA63008A1AEE /* Assets.xcassets */; };
		92E3DF702A12CB59008A1AEE /* IceAura.sks in Resources */ = {isa = PBXBuildFile; fileRef = 92E3DF6F2A12CB59008A1AEE /* IceAura.sks */; };
		92E3DF722A12CB9E008A1AEE /* EletricAura.sks in Resources */ = {isa = PBXBuildFile; fileRef = 92E3DF712A12CB9E008A1AEE /* EletricAura.sks */; };
		92E3DF742A12CBE3008A1AEE /* EarthAura.sks in Resources */ = {isa = PBXBuildFile; fileRef = 92E3DF732A12CBE3008A1AEE /* EarthAura.sks */; };
		A71EEAB92A0D284B0063BC77 /* MapInterpreter.swift in Sources */ = {isa = PBXBuildFile; fileRef = A71EEAB82A0D284B0063BC77 /* MapInterpreter.swift */; };
		A75915982A02EA3A00D953C2 /* Constants.swift in Sources */ = {isa = PBXBuildFile; fileRef = A7B6B1AF2A02C461005FF90B /* Constants.swift */; };
		A795A8692A0984EF00FF21A3 /* Extensions.swift in Sources */ = {isa = PBXBuildFile; fileRef = A795A8682A0984EF00FF21A3 /* Extensions.swift */; };
		A7AF3E5B2A0D2B8300E36A42 /* map1.txt in Resources */ = {isa = PBXBuildFile; fileRef = A7AF3E5A2A0D2B8300E36A42 /* map1.txt */; };
		A7AF3E5D2A0D5AEB00E36A42 /* Magics.swift in Sources */ = {isa = PBXBuildFile; fileRef = A7AF3E5C2A0D5AEB00E36A42 /* Magics.swift */; };
		A7B6B1B22A02C98A005FF90B /* StateMachine.swift in Sources */ = {isa = PBXBuildFile; fileRef = A7B6B1B12A02C98A005FF90B /* StateMachine.swift */; };
		A7B6B1B52A02E6D7005FF90B /* StateMachineable.swift in Sources */ = {isa = PBXBuildFile; fileRef = A7B6B1B42A02E6D7005FF90B /* StateMachineable.swift */; };
		A7B6B1B82A02E732005FF90B /* AnimationInfo.swift in Sources */ = {isa = PBXBuildFile; fileRef = A7B6B1B72A02E732005FF90B /* AnimationInfo.swift */; };
		A7B6B1BB2A02E785005FF90B /* StatesPlayer.swift in Sources */ = {isa = PBXBuildFile; fileRef = A7B6B1BA2A02E785005FF90B /* StatesPlayer.swift */; };
		A7C1200A2A01A0F500DF0C6A /* Player.swift in Sources */ = {isa = PBXBuildFile; fileRef = A7C120092A01A0F500DF0C6A /* Player.swift */; };
		A7C1669329F71DC1003B096D /* AppDelegate.swift in Sources */ = {isa = PBXBuildFile; fileRef = A7C1669229F71DC1003B096D /* AppDelegate.swift */; };
		A7C1669529F71DC1003B096D /* GameScene.sks in Resources */ = {isa = PBXBuildFile; fileRef = A7C1669429F71DC1003B096D /* GameScene.sks */; };
		A7C1669729F71DC1003B096D /* Actions.sks in Resources */ = {isa = PBXBuildFile; fileRef = A7C1669629F71DC1003B096D /* Actions.sks */; };
		A7C1669929F71DC1003B096D /* GameScene.swift in Sources */ = {isa = PBXBuildFile; fileRef = A7C1669829F71DC1003B096D /* GameScene.swift */; };
		A7C1669B29F71DC1003B096D /* GameViewController.swift in Sources */ = {isa = PBXBuildFile; fileRef = A7C1669A29F71DC1003B096D /* GameViewController.swift */; };
		A7C1669E29F71DC1003B096D /* Main.storyboard in Resources */ = {isa = PBXBuildFile; fileRef = A7C1669C29F71DC1003B096D /* Main.storyboard */; };
		A7C166A029F71DC2003B096D /* Assets.xcassets in Resources */ = {isa = PBXBuildFile; fileRef = A7C1669F29F71DC2003B096D /* Assets.xcassets */; };
		A7C166A329F71DC2003B096D /* LaunchScreen.storyboard in Resources */ = {isa = PBXBuildFile; fileRef = A7C166A129F71DC2003B096D /* LaunchScreen.storyboard */; };
		A7CDC30D2A0419EF0030A92B /* Attributes.swift in Sources */ = {isa = PBXBuildFile; fileRef = A7CDC30C2A0419EF0030A92B /* Attributes.swift */; };
		A7CDC30F2A04241C0030A92B /* Attacks.swift in Sources */ = {isa = PBXBuildFile; fileRef = A7CDC30E2A04241C0030A92B /* Attacks.swift */; };
		A7CDC3112A0424320030A92B /* AttackInfo.swift in Sources */ = {isa = PBXBuildFile; fileRef = A7CDC3102A0424320030A92B /* AttackInfo.swift */; };
		A7CDC3132A0424720030A92B /* Elements.swift in Sources */ = {isa = PBXBuildFile; fileRef = A7CDC3122A0424720030A92B /* Elements.swift */; };
		A7CDC3152A0424880030A92B /* VelocityInfo.swift in Sources */ = {isa = PBXBuildFile; fileRef = A7CDC3142A0424880030A92B /* VelocityInfo.swift */; };
		A7CDC3172A0424CC0030A92B /* AttributesInfo.swift in Sources */ = {isa = PBXBuildFile; fileRef = A7CDC3162A0424CC0030A92B /* AttributesInfo.swift */; };
		A7F665F92A0EB22C0010C96F /* GameView.swift in Sources */ = {isa = PBXBuildFile; fileRef = A7F665F82A0EB22C0010C96F /* GameView.swift */; };
		F98E2CF12A0D6AED003273AA /* LightiningParticle.sks in Resources */ = {isa = PBXBuildFile; fileRef = F98E2CEF2A0D6AED003273AA /* LightiningParticle.sks */; };
		F98E2CF62A0D6AFA003273AA /* DirtParticle.sks in Resources */ = {isa = PBXBuildFile; fileRef = F98E2CF32A0D6AFA003273AA /* DirtParticle.sks */; };
		F98E2CF72A0D6AFA003273AA /* FireParticle.sks in Resources */ = {isa = PBXBuildFile; fileRef = F98E2CF42A0D6AFA003273AA /* FireParticle.sks */; };
		F98E2CF82A0D6AFA003273AA /* IceParticle.sks in Resources */ = {isa = PBXBuildFile; fileRef = F98E2CF52A0D6AFA003273AA /* IceParticle.sks */; };
		F98E2CFA2A0D6F1A003273AA /* Projectile.swift in Sources */ = {isa = PBXBuildFile; fileRef = F98E2CF92A0D6F1A003273AA /* Projectile.swift */; };
		F98E2CFD2A0D6F96003273AA /* MagicProjetile.swift in Sources */ = {isa = PBXBuildFile; fileRef = F98E2CFC2A0D6F96003273AA /* MagicProjetile.swift */; };
		F98E2CFF2A0D7104003273AA /* Fireball.swift in Sources */ = {isa = PBXBuildFile; fileRef = F98E2CFE2A0D7104003273AA /* Fireball.swift */; };
		F98E2D012A0D8453003273AA /* Iceball.swift in Sources */ = {isa = PBXBuildFile; fileRef = F98E2D002A0D8453003273AA /* Iceball.swift */; };
		F9911E692A129C5B005F2B2C /* TutorialScene.sks in Resources */ = {isa = PBXBuildFile; fileRef = F9911E682A129C5B005F2B2C /* TutorialScene.sks */; };
		F9911E6B2A129C66005F2B2C /* TutorialScene.swift in Sources */ = {isa = PBXBuildFile; fileRef = F9911E6A2A129C66005F2B2C /* TutorialScene.swift */; };
		F9911E6E2A129CFC005F2B2C /* Collectable.sks in Resources */ = {isa = PBXBuildFile; fileRef = F9911E6C2A129CFC005F2B2C /* Collectable.sks */; };
		F9911E6F2A129CFC005F2B2C /* Assets.xcassets in Resources */ = {isa = PBXBuildFile; fileRef = F9911E6D2A129CFC005F2B2C /* Assets.xcassets */; };
		F9911E712A12A15A005F2B2C /* StoneWall.swift in Sources */ = {isa = PBXBuildFile; fileRef = F9911E702A12A15A005F2B2C /* StoneWall.swift */; };
		F9911E7B2A12C36E005F2B2C /* Status.swift in Sources */ = {isa = PBXBuildFile; fileRef = F9911E7A2A12C36E005F2B2C /* Status.swift */; };
		F9911E872A154266005F2B2C /* ThunderArrow.sks in Resources */ = {isa = PBXBuildFile; fileRef = F9911E862A154266005F2B2C /* ThunderArrow.sks */; };
		F9911E892A154650005F2B2C /* ThunderShot.swift in Sources */ = {isa = PBXBuildFile; fileRef = F9911E882A154650005F2B2C /* ThunderShot.swift */; };
		F99499D42A02CC0E00E3807D /* Move.swift in Sources */ = {isa = PBXBuildFile; fileRef = F99499D32A02CC0E00E3807D /* Move.swift */; };
		F99499D62A02CD3800E3807D /* Directions.swift in Sources */ = {isa = PBXBuildFile; fileRef = F99499D52A02CD3800E3807D /* Directions.swift */; };
		F9CB0BA92A041BB2004A0661 /* EnemySpider.swift in Sources */ = {isa = PBXBuildFile; fileRef = F9CB0BA82A041BB2004A0661 /* EnemySpider.swift */; };
		F9CB0BAB2A041D47004A0661 /* StatesSpider.swift in Sources */ = {isa = PBXBuildFile; fileRef = F9CB0BAA2A041D47004A0661 /* StatesSpider.swift */; };
		F9CB0BAF2A043EE0004A0661 /* DetectsCollision.swift in Sources */ = {isa = PBXBuildFile; fileRef = F9CB0BAE2A043EE0004A0661 /* DetectsCollision.swift */; };
		F9CB0BD62A0B0528004A0661 /* Global.swift in Sources */ = {isa = PBXBuildFile; fileRef = F9CB0BD52A0B0528004A0661 /* Global.swift */; };
/* End PBXBuildFile section */

/* Begin PBXFileReference section */
		7CDBB2D62A12B561003EC549 /* HPBar.swift */ = {isa = PBXFileReference; lastKnownFileType = sourcecode.swift; path = HPBar.swift; sourceTree = "<group>"; };
		9202EAFA2A0EAD0500F5A109 /* MainMenuView.swift */ = {isa = PBXFileReference; fileEncoding = 4; lastKnownFileType = sourcecode.swift; path = MainMenuView.swift; sourceTree = "<group>"; };
		9202EAFC2A0EAD0500F5A109 /* Fonts */ = {isa = PBXFileReference; lastKnownFileType = folder; path = Fonts; sourceTree = "<group>"; };
		9202EAFD2A0EAD0500F5A109 /* SettingsView.swift */ = {isa = PBXFileReference; fileEncoding = 4; lastKnownFileType = sourcecode.swift; path = SettingsView.swift; sourceTree = "<group>"; };
		9202EB002A0EAD0500F5A109 /* PauseView.swift */ = {isa = PBXFileReference; fileEncoding = 4; lastKnownFileType = sourcecode.swift; path = PauseView.swift; sourceTree = "<group>"; };
		9202EB012A0EAD0500F5A109 /* CreditsView.swift */ = {isa = PBXFileReference; fileEncoding = 4; lastKnownFileType = sourcecode.swift; path = CreditsView.swift; sourceTree = "<group>"; };
		9202EB0A2A0EAD0F00F5A109 /* CustomSlider.swift */ = {isa = PBXFileReference; fileEncoding = 4; lastKnownFileType = sourcecode.swift; path = CustomSlider.swift; sourceTree = "<group>"; };
		92420C5A2A13F79500AE47A9 /* buttonClick.mp3 */ = {isa = PBXFileReference; lastKnownFileType = audio.mp3; path = buttonClick.mp3; sourceTree = "<group>"; };
		92420C5C2A13F79C00AE47A9 /* magicCast.wav */ = {isa = PBXFileReference; lastKnownFileType = audio.wav; path = magicCast.wav; sourceTree = "<group>"; };
		92420C5E2A13F79F00AE47A9 /* basicAttack.wav */ = {isa = PBXFileReference; lastKnownFileType = audio.wav; path = basicAttack.wav; sourceTree = "<group>"; };
		92420C602A13F7B700AE47A9 /* spiderDying.wav */ = {isa = PBXFileReference; lastKnownFileType = audio.wav; path = spiderDying.wav; sourceTree = "<group>"; };
		92420C622A13F7BA00AE47A9 /* spiderAttack.wav */ = {isa = PBXFileReference; lastKnownFileType = audio.wav; path = spiderAttack.wav; sourceTree = "<group>"; };
		92420C642A13F7BC00AE47A9 /* spiderSpawn.wav */ = {isa = PBXFileReference; lastKnownFileType = audio.wav; path = spiderSpawn.wav; sourceTree = "<group>"; };
		92E3DF692A12C62B008A1AEE /* AudioManager.swift */ = {isa = PBXFileReference; lastKnownFileType = sourcecode.swift; path = AudioManager.swift; sourceTree = "<group>"; };
		92E3DF6B2A12CA63008A1AEE /* FireAura.sks */ = {isa = PBXFileReference; lastKnownFileType = file.sks; path = FireAura.sks; sourceTree = "<group>"; };
		92E3DF6C2A12CA63008A1AEE /* Assets.xcassets */ = {isa = PBXFileReference; lastKnownFileType = folder.assetcatalog; path = Assets.xcassets; sourceTree = "<group>"; };
		92E3DF6F2A12CB59008A1AEE /* IceAura.sks */ = {isa = PBXFileReference; lastKnownFileType = file.sks; path = IceAura.sks; sourceTree = "<group>"; };
		92E3DF712A12CB9E008A1AEE /* EletricAura.sks */ = {isa = PBXFileReference; lastKnownFileType = file.sks; path = EletricAura.sks; sourceTree = "<group>"; };
		92E3DF732A12CBE3008A1AEE /* EarthAura.sks */ = {isa = PBXFileReference; lastKnownFileType = file.sks; path = EarthAura.sks; sourceTree = "<group>"; };
		A71EEAB82A0D284B0063BC77 /* MapInterpreter.swift */ = {isa = PBXFileReference; fileEncoding = 4; lastKnownFileType = sourcecode.swift; path = MapInterpreter.swift; sourceTree = "<group>"; };
		A795A8682A0984EF00FF21A3 /* Extensions.swift */ = {isa = PBXFileReference; fileEncoding = 4; lastKnownFileType = sourcecode.swift; path = Extensions.swift; sourceTree = "<group>"; };
		A7AF3E5A2A0D2B8300E36A42 /* map1.txt */ = {isa = PBXFileReference; lastKnownFileType = text; path = map1.txt; sourceTree = "<group>"; };
		A7AF3E5C2A0D5AEB00E36A42 /* Magics.swift */ = {isa = PBXFileReference; lastKnownFileType = sourcecode.swift; path = Magics.swift; sourceTree = "<group>"; };
		A7B6B1AF2A02C461005FF90B /* Constants.swift */ = {isa = PBXFileReference; lastKnownFileType = sourcecode.swift; path = Constants.swift; sourceTree = "<group>"; };
		A7B6B1B12A02C98A005FF90B /* StateMachine.swift */ = {isa = PBXFileReference; lastKnownFileType = sourcecode.swift; path = StateMachine.swift; sourceTree = "<group>"; };
		A7B6B1B42A02E6D7005FF90B /* StateMachineable.swift */ = {isa = PBXFileReference; lastKnownFileType = sourcecode.swift; path = StateMachineable.swift; sourceTree = "<group>"; };
		A7B6B1B72A02E732005FF90B /* AnimationInfo.swift */ = {isa = PBXFileReference; lastKnownFileType = sourcecode.swift; path = AnimationInfo.swift; sourceTree = "<group>"; };
		A7B6B1BA2A02E785005FF90B /* StatesPlayer.swift */ = {isa = PBXFileReference; lastKnownFileType = sourcecode.swift; path = StatesPlayer.swift; sourceTree = "<group>"; };
		A7C120092A01A0F500DF0C6A /* Player.swift */ = {isa = PBXFileReference; lastKnownFileType = sourcecode.swift; path = Player.swift; sourceTree = "<group>"; };
		A7C1668F29F71DC1003B096D /* HackSlash.app */ = {isa = PBXFileReference; explicitFileType = wrapper.application; includeInIndex = 0; path = HackSlash.app; sourceTree = BUILT_PRODUCTS_DIR; };
		A7C1669229F71DC1003B096D /* AppDelegate.swift */ = {isa = PBXFileReference; lastKnownFileType = sourcecode.swift; path = AppDelegate.swift; sourceTree = "<group>"; };
		A7C1669429F71DC1003B096D /* GameScene.sks */ = {isa = PBXFileReference; lastKnownFileType = file.sks; path = GameScene.sks; sourceTree = "<group>"; };
		A7C1669629F71DC1003B096D /* Actions.sks */ = {isa = PBXFileReference; lastKnownFileType = file.sks; path = Actions.sks; sourceTree = "<group>"; };
		A7C1669829F71DC1003B096D /* GameScene.swift */ = {isa = PBXFileReference; lastKnownFileType = sourcecode.swift; path = GameScene.swift; sourceTree = "<group>"; };
		A7C1669A29F71DC1003B096D /* GameViewController.swift */ = {isa = PBXFileReference; lastKnownFileType = sourcecode.swift; path = GameViewController.swift; sourceTree = "<group>"; };
		A7C1669D29F71DC1003B096D /* Base */ = {isa = PBXFileReference; lastKnownFileType = file.storyboard; name = Base; path = Base.lproj/Main.storyboard; sourceTree = "<group>"; };
		A7C1669F29F71DC2003B096D /* Assets.xcassets */ = {isa = PBXFileReference; lastKnownFileType = folder.assetcatalog; path = Assets.xcassets; sourceTree = "<group>"; };
		A7C166A229F71DC2003B096D /* Base */ = {isa = PBXFileReference; lastKnownFileType = file.storyboard; name = Base; path = Base.lproj/LaunchScreen.storyboard; sourceTree = "<group>"; };
		A7CDC30C2A0419EF0030A92B /* Attributes.swift */ = {isa = PBXFileReference; lastKnownFileType = sourcecode.swift; path = Attributes.swift; sourceTree = "<group>"; };
		A7CDC30E2A04241C0030A92B /* Attacks.swift */ = {isa = PBXFileReference; lastKnownFileType = sourcecode.swift; path = Attacks.swift; sourceTree = "<group>"; };
		A7CDC3102A0424320030A92B /* AttackInfo.swift */ = {isa = PBXFileReference; lastKnownFileType = sourcecode.swift; path = AttackInfo.swift; sourceTree = "<group>"; };
		A7CDC3122A0424720030A92B /* Elements.swift */ = {isa = PBXFileReference; lastKnownFileType = sourcecode.swift; path = Elements.swift; sourceTree = "<group>"; };
		A7CDC3142A0424880030A92B /* VelocityInfo.swift */ = {isa = PBXFileReference; lastKnownFileType = sourcecode.swift; path = VelocityInfo.swift; sourceTree = "<group>"; };
		A7CDC3162A0424CC0030A92B /* AttributesInfo.swift */ = {isa = PBXFileReference; lastKnownFileType = sourcecode.swift; path = AttributesInfo.swift; sourceTree = "<group>"; };
		A7F665F62A0EB1440010C96F /* Info.plist */ = {isa = PBXFileReference; lastKnownFileType = text.plist; path = Info.plist; sourceTree = "<group>"; };
		A7F665F82A0EB22C0010C96F /* GameView.swift */ = {isa = PBXFileReference; lastKnownFileType = sourcecode.swift; path = GameView.swift; sourceTree = "<group>"; };
		F98E2CEF2A0D6AED003273AA /* LightiningParticle.sks */ = {isa = PBXFileReference; lastKnownFileType = file.sks; path = LightiningParticle.sks; sourceTree = "<group>"; };
		F98E2CF32A0D6AFA003273AA /* DirtParticle.sks */ = {isa = PBXFileReference; lastKnownFileType = file.sks; path = DirtParticle.sks; sourceTree = "<group>"; };
		F98E2CF42A0D6AFA003273AA /* FireParticle.sks */ = {isa = PBXFileReference; lastKnownFileType = file.sks; path = FireParticle.sks; sourceTree = "<group>"; };
		F98E2CF52A0D6AFA003273AA /* IceParticle.sks */ = {isa = PBXFileReference; lastKnownFileType = file.sks; path = IceParticle.sks; sourceTree = "<group>"; };
		F98E2CF92A0D6F1A003273AA /* Projectile.swift */ = {isa = PBXFileReference; lastKnownFileType = sourcecode.swift; path = Projectile.swift; sourceTree = "<group>"; };
		F98E2CFC2A0D6F96003273AA /* MagicProjetile.swift */ = {isa = PBXFileReference; lastKnownFileType = sourcecode.swift; path = MagicProjetile.swift; sourceTree = "<group>"; };
		F98E2CFE2A0D7104003273AA /* Fireball.swift */ = {isa = PBXFileReference; lastKnownFileType = sourcecode.swift; path = Fireball.swift; sourceTree = "<group>"; };
		F98E2D002A0D8453003273AA /* Iceball.swift */ = {isa = PBXFileReference; lastKnownFileType = sourcecode.swift; path = Iceball.swift; sourceTree = "<group>"; };
		F9911E682A129C5B005F2B2C /* TutorialScene.sks */ = {isa = PBXFileReference; lastKnownFileType = file.sks; path = TutorialScene.sks; sourceTree = "<group>"; };
		F9911E6A2A129C66005F2B2C /* TutorialScene.swift */ = {isa = PBXFileReference; lastKnownFileType = sourcecode.swift; path = TutorialScene.swift; sourceTree = "<group>"; };
		F9911E6C2A129CFC005F2B2C /* Collectable.sks */ = {isa = PBXFileReference; lastKnownFileType = file.sks; path = Collectable.sks; sourceTree = "<group>"; };
		F9911E6D2A129CFC005F2B2C /* Assets.xcassets */ = {isa = PBXFileReference; lastKnownFileType = folder.assetcatalog; path = Assets.xcassets; sourceTree = "<group>"; };
		F9911E702A12A15A005F2B2C /* StoneWall.swift */ = {isa = PBXFileReference; lastKnownFileType = sourcecode.swift; path = StoneWall.swift; sourceTree = "<group>"; };
		F9911E7A2A12C36E005F2B2C /* Status.swift */ = {isa = PBXFileReference; lastKnownFileType = sourcecode.swift; path = Status.swift; sourceTree = "<group>"; };
		F9911E862A154266005F2B2C /* ThunderArrow.sks */ = {isa = PBXFileReference; lastKnownFileType = file.sks; path = ThunderArrow.sks; sourceTree = "<group>"; };
		F9911E882A154650005F2B2C /* ThunderShot.swift */ = {isa = PBXFileReference; lastKnownFileType = sourcecode.swift; path = ThunderShot.swift; sourceTree = "<group>"; };
		F99499D32A02CC0E00E3807D /* Move.swift */ = {isa = PBXFileReference; lastKnownFileType = sourcecode.swift; path = Move.swift; sourceTree = "<group>"; };
		F99499D52A02CD3800E3807D /* Directions.swift */ = {isa = PBXFileReference; lastKnownFileType = sourcecode.swift; path = Directions.swift; sourceTree = "<group>"; };
		F9CB0BA82A041BB2004A0661 /* EnemySpider.swift */ = {isa = PBXFileReference; lastKnownFileType = sourcecode.swift; path = EnemySpider.swift; sourceTree = "<group>"; };
		F9CB0BAA2A041D47004A0661 /* StatesSpider.swift */ = {isa = PBXFileReference; lastKnownFileType = sourcecode.swift; path = StatesSpider.swift; sourceTree = "<group>"; };
		F9CB0BAE2A043EE0004A0661 /* DetectsCollision.swift */ = {isa = PBXFileReference; lastKnownFileType = sourcecode.swift; path = DetectsCollision.swift; sourceTree = "<group>"; };
		F9CB0BD52A0B0528004A0661 /* Global.swift */ = {isa = PBXFileReference; lastKnownFileType = sourcecode.swift; path = Global.swift; sourceTree = "<group>"; };
/* End PBXFileReference section */

/* Begin PBXFrameworksBuildPhase section */
		A7C1668C29F71DC1003B096D /* Frameworks */ = {
			isa = PBXFrameworksBuildPhase;
			buildActionMask = 2147483647;
			files = (
			);
			runOnlyForDeploymentPostprocessing = 0;
		};
/* End PBXFrameworksBuildPhase section */

/* Begin PBXGroup section */
		9202EAF92A0EAC6900F5A109 /* Views */ = {
			isa = PBXGroup;
			children = (
				9202EB0A2A0EAD0F00F5A109 /* CustomSlider.swift */,
				9202EB012A0EAD0500F5A109 /* CreditsView.swift */,
				9202EAFA2A0EAD0500F5A109 /* MainMenuView.swift */,
				9202EB002A0EAD0500F5A109 /* PauseView.swift */,
				9202EAFD2A0EAD0500F5A109 /* SettingsView.swift */,
				A7F665F82A0EB22C0010C96F /* GameView.swift */,
				7CDBB2D62A12B561003EC549 /* HPBar.swift */,
			);
			path = Views;
			sourceTree = "<group>";
		};
		92420C592A13F76500AE47A9 /* Sounds */ = {
			isa = PBXGroup;
			children = (
				92420C5C2A13F79C00AE47A9 /* magicCast.wav */,
				92420C602A13F7B700AE47A9 /* spiderDying.wav */,
				92420C622A13F7BA00AE47A9 /* spiderAttack.wav */,
				92420C642A13F7BC00AE47A9 /* spiderSpawn.wav */,
				92420C5E2A13F79F00AE47A9 /* basicAttack.wav */,
				92420C5A2A13F79500AE47A9 /* buttonClick.mp3 */,
			);
			path = Sounds;
			sourceTree = "<group>";
		};
		A75915962A02EA0E00D953C2 /* Utility */ = {
			isa = PBXGroup;
			children = (
				A71EEAB82A0D284B0063BC77 /* MapInterpreter.swift */,
				F99499D52A02CD3800E3807D /* Directions.swift */,
				A795A8682A0984EF00FF21A3 /* Extensions.swift */,
				92E3DF692A12C62B008A1AEE /* AudioManager.swift */,
			);
			path = Utility;
			sourceTree = "<group>";
		};
		A75915972A02EA2000D953C2 /* Components */ = {
			isa = PBXGroup;
			children = (
				F9CB0BAE2A043EE0004A0661 /* DetectsCollision.swift */,
				A7B6B1B12A02C98A005FF90B /* StateMachine.swift */,
				F9911E7A2A12C36E005F2B2C /* Status.swift */,
				F99499D32A02CC0E00E3807D /* Move.swift */,
				A7CDC30C2A0419EF0030A92B /* Attributes.swift */,
				A7CDC30E2A04241C0030A92B /* Attacks.swift */,
				F98E2CF92A0D6F1A003273AA /* Projectile.swift */,
			);
			path = Components;
			sourceTree = "<group>";
		};
		A75915992A02EA4300D953C2 /* Entities */ = {
			isa = PBXGroup;
			children = (
				A7C120092A01A0F500DF0C6A /* Player.swift */,
				F9CB0BA82A041BB2004A0661 /* EnemySpider.swift */,
				F98E2CFB2A0D6F85003273AA /* Magics */,
			);
			path = Entities;
			sourceTree = "<group>";
		};
		A7AF3E592A0D2B6800E36A42 /* Resources */ = {
			isa = PBXGroup;
			children = (
				A7AF3E5A2A0D2B8300E36A42 /* map1.txt */,
			);
			path = Resources;
			sourceTree = "<group>";
		};
		A7B6B1B32A02E6BF005FF90B /* Protocols */ = {
			isa = PBXGroup;
			children = (
				A7B6B1B42A02E6D7005FF90B /* StateMachineable.swift */,
			);
			path = Protocols;
			sourceTree = "<group>";
		};
		A7B6B1B62A02E6F1005FF90B /* Data */ = {
			isa = PBXGroup;
			children = (
				A7B6B1AF2A02C461005FF90B /* Constants.swift */,
				A7B6B1B72A02E732005FF90B /* AnimationInfo.swift */,
				A7CDC3102A0424320030A92B /* AttackInfo.swift */,
				A7CDC3122A0424720030A92B /* Elements.swift */,
				A7CDC3142A0424880030A92B /* VelocityInfo.swift */,
				A7CDC3162A0424CC0030A92B /* AttributesInfo.swift */,
				A7AF3E5C2A0D5AEB00E36A42 /* Magics.swift */,
			);
			path = Data;
			sourceTree = "<group>";
		};
		A7B6B1B92A02E76B005FF90B /* States */ = {
			isa = PBXGroup;
			children = (
				A7B6B1BA2A02E785005FF90B /* StatesPlayer.swift */,
				F9CB0BAA2A041D47004A0661 /* StatesSpider.swift */,
			);
			path = States;
			sourceTree = "<group>";
		};
		A7C1668629F71DC1003B096D = {
			isa = PBXGroup;
			children = (
				A7C1669129F71DC1003B096D /* HackSlash */,
				A7C1669029F71DC1003B096D /* Products */,
			);
			sourceTree = "<group>";
		};
		A7C1669029F71DC1003B096D /* Products */ = {
			isa = PBXGroup;
			children = (
				A7C1668F29F71DC1003B096D /* HackSlash.app */,
			);
			name = Products;
			sourceTree = "<group>";
		};
		A7C1669129F71DC1003B096D /* HackSlash */ = {
			isa = PBXGroup;
			children = (
				A7F665F62A0EB1440010C96F /* Info.plist */,
				92420C592A13F76500AE47A9 /* Sounds */,
				9202EAFC2A0EAD0500F5A109 /* Fonts */,
				A7C1669F29F71DC2003B096D /* Assets.xcassets */,
				9202EAF92A0EAC6900F5A109 /* Views */,
				F98E2CEE2A0D6ADF003273AA /* Particles */,
				A7AF3E592A0D2B6800E36A42 /* Resources */,
				A75915992A02EA4300D953C2 /* Entities */,
				A75915972A02EA2000D953C2 /* Components */,
				A75915962A02EA0E00D953C2 /* Utility */,
				A7B6B1B92A02E76B005FF90B /* States */,
				A7B6B1B62A02E6F1005FF90B /* Data */,
				A7B6B1B32A02E6BF005FF90B /* Protocols */,
				A7C1669229F71DC1003B096D /* AppDelegate.swift */,
				F9911E672A129C44005F2B2C /* TutorialScene */,
				A7C1669429F71DC1003B096D /* GameScene.sks */,
				A7C1669629F71DC1003B096D /* Actions.sks */,
				A7C1669829F71DC1003B096D /* GameScene.swift */,
				F9CB0BD52A0B0528004A0661 /* Global.swift */,
				A7C1669A29F71DC1003B096D /* GameViewController.swift */,
				A7C1669C29F71DC1003B096D /* Main.storyboard */,
				A7C166A129F71DC2003B096D /* LaunchScreen.storyboard */,
			);
			path = HackSlash;
			sourceTree = "<group>";
		};
		F98E2CEE2A0D6ADF003273AA /* Particles */ = {
			isa = PBXGroup;
			children = (
				F98E2CF32A0D6AFA003273AA /* DirtParticle.sks */,
				F9911E6C2A129CFC005F2B2C /* Collectable.sks */,
				F9911E6D2A129CFC005F2B2C /* Assets.xcassets */,
				F98E2CF42A0D6AFA003273AA /* FireParticle.sks */,
				F98E2CF52A0D6AFA003273AA /* IceParticle.sks */,
				F98E2CEF2A0D6AED003273AA /* LightiningParticle.sks */,
				92E3DF6B2A12CA63008A1AEE /* FireAura.sks */,
				92E3DF6F2A12CB59008A1AEE /* IceAura.sks */,
				92E3DF712A12CB9E008A1AEE /* EletricAura.sks */,
				F9911E862A154266005F2B2C /* ThunderArrow.sks */,
				92E3DF732A12CBE3008A1AEE /* EarthAura.sks */,
				92E3DF6C2A12CA63008A1AEE /* Assets.xcassets */,
			);
			path = Particles;
			sourceTree = "<group>";
		};
		F98E2CFB2A0D6F85003273AA /* Magics */ = {
			isa = PBXGroup;
			children = (
				F98E2CFC2A0D6F96003273AA /* MagicProjetile.swift */,
				F98E2CFE2A0D7104003273AA /* Fireball.swift */,
				F98E2D002A0D8453003273AA /* Iceball.swift */,
				F9911E882A154650005F2B2C /* ThunderShot.swift */,
				F9911E702A12A15A005F2B2C /* StoneWall.swift */,
			);
			path = Magics;
			sourceTree = "<group>";
		};
		F9911E672A129C44005F2B2C /* TutorialScene */ = {
			isa = PBXGroup;
			children = (
				F9911E682A129C5B005F2B2C /* TutorialScene.sks */,
				F9911E6A2A129C66005F2B2C /* TutorialScene.swift */,
			);
			path = TutorialScene;
			sourceTree = "<group>";
		};
/* End PBXGroup section */

/* Begin PBXNativeTarget section */
		A7C1668E29F71DC1003B096D /* HackSlash */ = {
			isa = PBXNativeTarget;
			buildConfigurationList = A7C166A629F71DC2003B096D /* Build configuration list for PBXNativeTarget "HackSlash" */;
			buildPhases = (
				A7C1668B29F71DC1003B096D /* Sources */,
				A7C1668C29F71DC1003B096D /* Frameworks */,
				A7C1668D29F71DC1003B096D /* Resources */,
			);
			buildRules = (
			);
			dependencies = (
			);
			name = HackSlash;
			productName = HackSlash;
			productReference = A7C1668F29F71DC1003B096D /* HackSlash.app */;
			productType = "com.apple.product-type.application";
		};
/* End PBXNativeTarget section */

/* Begin PBXProject section */
		A7C1668729F71DC1003B096D /* Project object */ = {
			isa = PBXProject;
			attributes = {
				BuildIndependentTargetsInParallel = 1;
				LastSwiftUpdateCheck = 1430;
				LastUpgradeCheck = 1430;
				TargetAttributes = {
					A7C1668E29F71DC1003B096D = {
						CreatedOnToolsVersion = 14.3;
					};
				};
			};
			buildConfigurationList = A7C1668A29F71DC1003B096D /* Build configuration list for PBXProject "HackSlash" */;
			compatibilityVersion = "Xcode 14.0";
			developmentRegion = en;
			hasScannedForEncodings = 0;
			knownRegions = (
				en,
				Base,
			);
			mainGroup = A7C1668629F71DC1003B096D;
			productRefGroup = A7C1669029F71DC1003B096D /* Products */;
			projectDirPath = "";
			projectRoot = "";
			targets = (
				A7C1668E29F71DC1003B096D /* HackSlash */,
			);
		};
/* End PBXProject section */

/* Begin PBXResourcesBuildPhase section */
		A7C1668D29F71DC1003B096D /* Resources */ = {
			isa = PBXResourcesBuildPhase;
			buildActionMask = 2147483647;
			files = (
				F98E2CF12A0D6AED003273AA /* LightiningParticle.sks in Resources */,
				F98E2CF72A0D6AFA003273AA /* FireParticle.sks in Resources */,
				92E3DF6D2A12CA63008A1AEE /* FireAura.sks in Resources */,
				F9911E692A129C5B005F2B2C /* TutorialScene.sks in Resources */,
				92420C652A13F7BC00AE47A9 /* spiderSpawn.wav in Resources */,
				A7C1669E29F71DC1003B096D /* Main.storyboard in Resources */,
				F9911E6F2A129CFC005F2B2C /* Assets.xcassets in Resources */,
				9202EB042A0EAD0500F5A109 /* Fonts in Resources */,
				A7AF3E5B2A0D2B8300E36A42 /* map1.txt in Resources */,
				92E3DF6E2A12CA63008A1AEE /* Assets.xcassets in Resources */,
				92420C5D2A13F79C00AE47A9 /* magicCast.wav in Resources */,
				A7C1669529F71DC1003B096D /* GameScene.sks in Resources */,
				A7C166A029F71DC2003B096D /* Assets.xcassets in Resources */,
				92E3DF742A12CBE3008A1AEE /* EarthAura.sks in Resources */,
				92420C612A13F7B700AE47A9 /* spiderDying.wav in Resources */,
				92420C5F2A13F79F00AE47A9 /* basicAttack.wav in Resources */,
				A7C166A329F71DC2003B096D /* LaunchScreen.storyboard in Resources */,
				F98E2CF82A0D6AFA003273AA /* IceParticle.sks in Resources */,
				F9911E872A154266005F2B2C /* ThunderArrow.sks in Resources */,
				F98E2CF62A0D6AFA003273AA /* DirtParticle.sks in Resources */,
				92E3DF722A12CB9E008A1AEE /* EletricAura.sks in Resources */,
				92420C632A13F7BA00AE47A9 /* spiderAttack.wav in Resources */,
				92E3DF702A12CB59008A1AEE /* IceAura.sks in Resources */,
				F9911E6E2A129CFC005F2B2C /* Collectable.sks in Resources */,
				A7C1669729F71DC1003B096D /* Actions.sks in Resources */,
				92420C5B2A13F79500AE47A9 /* buttonClick.mp3 in Resources */,
			);
			runOnlyForDeploymentPostprocessing = 0;
		};
/* End PBXResourcesBuildPhase section */

/* Begin PBXSourcesBuildPhase section */
		A7C1668B29F71DC1003B096D /* Sources */ = {
			isa = PBXSourcesBuildPhase;
			buildActionMask = 2147483647;
			files = (
				F9911E7B2A12C36E005F2B2C /* Status.swift in Sources */,
				A71EEAB92A0D284B0063BC77 /* MapInterpreter.swift in Sources */,
				9202EB0B2A0EAD0F00F5A109 /* CustomSlider.swift in Sources */,
				F9CB0BAB2A041D47004A0661 /* StatesSpider.swift in Sources */,
				F9CB0BAF2A043EE0004A0661 /* DetectsCollision.swift in Sources */,
				F9CB0BA92A041BB2004A0661 /* EnemySpider.swift in Sources */,
				92E3DF6A2A12C62B008A1AEE /* AudioManager.swift in Sources */,
				A7B6B1BB2A02E785005FF90B /* StatesPlayer.swift in Sources */,
				A75915982A02EA3A00D953C2 /* Constants.swift in Sources */,
				A7F665F92A0EB22C0010C96F /* GameView.swift in Sources */,
				A7CDC30F2A04241C0030A92B /* Attacks.swift in Sources */,
				F9CB0BD62A0B0528004A0661 /* Global.swift in Sources */,
				9202EB082A0EAD0500F5A109 /* PauseView.swift in Sources */,
				A7CDC3112A0424320030A92B /* AttackInfo.swift in Sources */,
				A7B6B1B52A02E6D7005FF90B /* StateMachineable.swift in Sources */,
				A7B6B1B82A02E732005FF90B /* AnimationInfo.swift in Sources */,
				F98E2CFD2A0D6F96003273AA /* MagicProjetile.swift in Sources */,
				A7C1669929F71DC1003B096D /* GameScene.swift in Sources */,
				F99499D42A02CC0E00E3807D /* Move.swift in Sources */,
				A7CDC3152A0424880030A92B /* VelocityInfo.swift in Sources */,
				F9911E892A154650005F2B2C /* ThunderShot.swift in Sources */,
				9202EB052A0EAD0500F5A109 /* SettingsView.swift in Sources */,
				A7C1200A2A01A0F500DF0C6A /* Player.swift in Sources */,
				A795A8692A0984EF00FF21A3 /* Extensions.swift in Sources */,
				9202EB022A0EAD0500F5A109 /* MainMenuView.swift in Sources */,
				F98E2CFA2A0D6F1A003273AA /* Projectile.swift in Sources */,
				F98E2CFF2A0D7104003273AA /* Fireball.swift in Sources */,
				F9911E6B2A129C66005F2B2C /* TutorialScene.swift in Sources */,
				F98E2D012A0D8453003273AA /* Iceball.swift in Sources */,
				A7C1669B29F71DC1003B096D /* GameViewController.swift in Sources */,
				A7AF3E5D2A0D5AEB00E36A42 /* Magics.swift in Sources */,
				A7B6B1B22A02C98A005FF90B /* StateMachine.swift in Sources */,
				F99499D62A02CD3800E3807D /* Directions.swift in Sources */,
				9202EB092A0EAD0500F5A109 /* CreditsView.swift in Sources */,
				A7CDC30D2A0419EF0030A92B /* Attributes.swift in Sources */,
				7CDBB2D72A12B561003EC549 /* HPBar.swift in Sources */,
				A7C1669329F71DC1003B096D /* AppDelegate.swift in Sources */,
				A7CDC3172A0424CC0030A92B /* AttributesInfo.swift in Sources */,
				A7CDC3132A0424720030A92B /* Elements.swift in Sources */,
				F9911E712A12A15A005F2B2C /* StoneWall.swift in Sources */,
			);
			runOnlyForDeploymentPostprocessing = 0;
		};
/* End PBXSourcesBuildPhase section */

/* Begin PBXVariantGroup section */
		A7C1669C29F71DC1003B096D /* Main.storyboard */ = {
			isa = PBXVariantGroup;
			children = (
				A7C1669D29F71DC1003B096D /* Base */,
			);
			name = Main.storyboard;
			sourceTree = "<group>";
		};
		A7C166A129F71DC2003B096D /* LaunchScreen.storyboard */ = {
			isa = PBXVariantGroup;
			children = (
				A7C166A229F71DC2003B096D /* Base */,
			);
			name = LaunchScreen.storyboard;
			sourceTree = "<group>";
		};
/* End PBXVariantGroup section */

/* Begin XCBuildConfiguration section */
		A7C166A429F71DC2003B096D /* Debug */ = {
			isa = XCBuildConfiguration;
			buildSettings = {
				ALWAYS_SEARCH_USER_PATHS = NO;
				CLANG_ANALYZER_NONNULL = YES;
				CLANG_ANALYZER_NUMBER_OBJECT_CONVERSION = YES_AGGRESSIVE;
				CLANG_CXX_LANGUAGE_STANDARD = "gnu++20";
				CLANG_ENABLE_MODULES = YES;
				CLANG_ENABLE_OBJC_ARC = YES;
				CLANG_ENABLE_OBJC_WEAK = YES;
				CLANG_WARN_BLOCK_CAPTURE_AUTORELEASING = YES;
				CLANG_WARN_BOOL_CONVERSION = YES;
				CLANG_WARN_COMMA = YES;
				CLANG_WARN_CONSTANT_CONVERSION = YES;
				CLANG_WARN_DEPRECATED_OBJC_IMPLEMENTATIONS = YES;
				CLANG_WARN_DIRECT_OBJC_ISA_USAGE = YES_ERROR;
				CLANG_WARN_DOCUMENTATION_COMMENTS = YES;
				CLANG_WARN_EMPTY_BODY = YES;
				CLANG_WARN_ENUM_CONVERSION = YES;
				CLANG_WARN_INFINITE_RECURSION = YES;
				CLANG_WARN_INT_CONVERSION = YES;
				CLANG_WARN_NON_LITERAL_NULL_CONVERSION = YES;
				CLANG_WARN_OBJC_IMPLICIT_RETAIN_SELF = YES;
				CLANG_WARN_OBJC_LITERAL_CONVERSION = YES;
				CLANG_WARN_OBJC_ROOT_CLASS = YES_ERROR;
				CLANG_WARN_QUOTED_INCLUDE_IN_FRAMEWORK_HEADER = YES;
				CLANG_WARN_RANGE_LOOP_ANALYSIS = YES;
				CLANG_WARN_STRICT_PROTOTYPES = YES;
				CLANG_WARN_SUSPICIOUS_MOVE = YES;
				CLANG_WARN_UNGUARDED_AVAILABILITY = YES_AGGRESSIVE;
				CLANG_WARN_UNREACHABLE_CODE = YES;
				CLANG_WARN__DUPLICATE_METHOD_MATCH = YES;
				COPY_PHASE_STRIP = NO;
				DEBUG_INFORMATION_FORMAT = dwarf;
				ENABLE_STRICT_OBJC_MSGSEND = YES;
				ENABLE_TESTABILITY = YES;
				GCC_C_LANGUAGE_STANDARD = gnu11;
				GCC_DYNAMIC_NO_PIC = NO;
				GCC_NO_COMMON_BLOCKS = YES;
				GCC_OPTIMIZATION_LEVEL = 0;
				GCC_PREPROCESSOR_DEFINITIONS = (
					"DEBUG=1",
					"$(inherited)",
				);
				GCC_WARN_64_TO_32_BIT_CONVERSION = YES;
				GCC_WARN_ABOUT_RETURN_TYPE = YES_ERROR;
				GCC_WARN_UNDECLARED_SELECTOR = YES;
				GCC_WARN_UNINITIALIZED_AUTOS = YES_AGGRESSIVE;
				GCC_WARN_UNUSED_FUNCTION = YES;
				GCC_WARN_UNUSED_VARIABLE = YES;
				IPHONEOS_DEPLOYMENT_TARGET = 16.0;
				MTL_ENABLE_DEBUG_INFO = INCLUDE_SOURCE;
				MTL_FAST_MATH = YES;
				ONLY_ACTIVE_ARCH = YES;
				SDKROOT = iphoneos;
				SWIFT_ACTIVE_COMPILATION_CONDITIONS = DEBUG;
				SWIFT_OPTIMIZATION_LEVEL = "-Onone";
			};
			name = Debug;
		};
		A7C166A529F71DC2003B096D /* Release */ = {
			isa = XCBuildConfiguration;
			buildSettings = {
				ALWAYS_SEARCH_USER_PATHS = NO;
				CLANG_ANALYZER_NONNULL = YES;
				CLANG_ANALYZER_NUMBER_OBJECT_CONVERSION = YES_AGGRESSIVE;
				CLANG_CXX_LANGUAGE_STANDARD = "gnu++20";
				CLANG_ENABLE_MODULES = YES;
				CLANG_ENABLE_OBJC_ARC = YES;
				CLANG_ENABLE_OBJC_WEAK = YES;
				CLANG_WARN_BLOCK_CAPTURE_AUTORELEASING = YES;
				CLANG_WARN_BOOL_CONVERSION = YES;
				CLANG_WARN_COMMA = YES;
				CLANG_WARN_CONSTANT_CONVERSION = YES;
				CLANG_WARN_DEPRECATED_OBJC_IMPLEMENTATIONS = YES;
				CLANG_WARN_DIRECT_OBJC_ISA_USAGE = YES_ERROR;
				CLANG_WARN_DOCUMENTATION_COMMENTS = YES;
				CLANG_WARN_EMPTY_BODY = YES;
				CLANG_WARN_ENUM_CONVERSION = YES;
				CLANG_WARN_INFINITE_RECURSION = YES;
				CLANG_WARN_INT_CONVERSION = YES;
				CLANG_WARN_NON_LITERAL_NULL_CONVERSION = YES;
				CLANG_WARN_OBJC_IMPLICIT_RETAIN_SELF = YES;
				CLANG_WARN_OBJC_LITERAL_CONVERSION = YES;
				CLANG_WARN_OBJC_ROOT_CLASS = YES_ERROR;
				CLANG_WARN_QUOTED_INCLUDE_IN_FRAMEWORK_HEADER = YES;
				CLANG_WARN_RANGE_LOOP_ANALYSIS = YES;
				CLANG_WARN_STRICT_PROTOTYPES = YES;
				CLANG_WARN_SUSPICIOUS_MOVE = YES;
				CLANG_WARN_UNGUARDED_AVAILABILITY = YES_AGGRESSIVE;
				CLANG_WARN_UNREACHABLE_CODE = YES;
				CLANG_WARN__DUPLICATE_METHOD_MATCH = YES;
				COPY_PHASE_STRIP = NO;
				DEBUG_INFORMATION_FORMAT = "dwarf-with-dsym";
				ENABLE_NS_ASSERTIONS = NO;
				ENABLE_STRICT_OBJC_MSGSEND = YES;
				GCC_C_LANGUAGE_STANDARD = gnu11;
				GCC_NO_COMMON_BLOCKS = YES;
				GCC_WARN_64_TO_32_BIT_CONVERSION = YES;
				GCC_WARN_ABOUT_RETURN_TYPE = YES_ERROR;
				GCC_WARN_UNDECLARED_SELECTOR = YES;
				GCC_WARN_UNINITIALIZED_AUTOS = YES_AGGRESSIVE;
				GCC_WARN_UNUSED_FUNCTION = YES;
				GCC_WARN_UNUSED_VARIABLE = YES;
				IPHONEOS_DEPLOYMENT_TARGET = 16.0;
				MTL_ENABLE_DEBUG_INFO = NO;
				MTL_FAST_MATH = YES;
				SDKROOT = iphoneos;
				SWIFT_COMPILATION_MODE = wholemodule;
				SWIFT_OPTIMIZATION_LEVEL = "-O";
				VALIDATE_PRODUCT = YES;
			};
			name = Release;
		};
		A7C166A729F71DC2003B096D /* Debug */ = {
			isa = XCBuildConfiguration;
			buildSettings = {
				ASSETCATALOG_COMPILER_APPICON_NAME = AppIcon;
				ASSETCATALOG_COMPILER_GLOBAL_ACCENT_COLOR_NAME = AccentColor;
				CODE_SIGN_STYLE = Automatic;
				CURRENT_PROJECT_VERSION = 1;
				DEVELOPMENT_TEAM = 856F4M2786;
				GENERATE_INFOPLIST_FILE = YES;
				INFOPLIST_FILE = HackSlash/Info.plist;
				INFOPLIST_KEY_UIApplicationSupportsIndirectInputEvents = YES;
				INFOPLIST_KEY_UILaunchStoryboardName = LaunchScreen;
				INFOPLIST_KEY_UIMainStoryboardFile = Main;
				INFOPLIST_KEY_UIRequiresFullScreen = YES;
				INFOPLIST_KEY_UIStatusBarHidden = YES;
				INFOPLIST_KEY_UIStatusBarStyle = "";
				INFOPLIST_KEY_UISupportedInterfaceOrientations = "UIInterfaceOrientationLandscapeLeft UIInterfaceOrientationLandscapeRight";
				LD_RUNPATH_SEARCH_PATHS = (
					"$(inherited)",
					"@executable_path/Frameworks",
				);
				MARKETING_VERSION = 1.0;
				PRODUCT_BUNDLE_IDENTIFIER = com.dev.challenge.HackSlas;
				PRODUCT_NAME = "$(TARGET_NAME)";
				SWIFT_EMIT_LOC_STRINGS = YES;
				SWIFT_VERSION = 5.0;
				TARGETED_DEVICE_FAMILY = "1,2";
			};
			name = Debug;
		};
		A7C166A829F71DC2003B096D /* Release */ = {
			isa = XCBuildConfiguration;
			buildSettings = {
				ASSETCATALOG_COMPILER_APPICON_NAME = AppIcon;
				ASSETCATALOG_COMPILER_GLOBAL_ACCENT_COLOR_NAME = AccentColor;
				CODE_SIGN_STYLE = Automatic;
				CURRENT_PROJECT_VERSION = 1;
				DEVELOPMENT_TEAM = 856F4M2786;
				GENERATE_INFOPLIST_FILE = YES;
				INFOPLIST_FILE = HackSlash/Info.plist;
				INFOPLIST_KEY_UIApplicationSupportsIndirectInputEvents = YES;
				INFOPLIST_KEY_UILaunchStoryboardName = LaunchScreen;
				INFOPLIST_KEY_UIMainStoryboardFile = Main;
				INFOPLIST_KEY_UIRequiresFullScreen = YES;
				INFOPLIST_KEY_UIStatusBarHidden = YES;
				INFOPLIST_KEY_UIStatusBarStyle = "";
				INFOPLIST_KEY_UISupportedInterfaceOrientations = "UIInterfaceOrientationLandscapeLeft UIInterfaceOrientationLandscapeRight";
				LD_RUNPATH_SEARCH_PATHS = (
					"$(inherited)",
					"@executable_path/Frameworks",
				);
				MARKETING_VERSION = 1.0;
				PRODUCT_BUNDLE_IDENTIFIER = com.dev.challenge.HackSlas;
				PRODUCT_NAME = "$(TARGET_NAME)";
				SWIFT_EMIT_LOC_STRINGS = YES;
				SWIFT_VERSION = 5.0;
				TARGETED_DEVICE_FAMILY = "1,2";
			};
			name = Release;
		};
/* End XCBuildConfiguration section */

/* Begin XCConfigurationList section */
		A7C1668A29F71DC1003B096D /* Build configuration list for PBXProject "HackSlash" */ = {
			isa = XCConfigurationList;
			buildConfigurations = (
				A7C166A429F71DC2003B096D /* Debug */,
				A7C166A529F71DC2003B096D /* Release */,
			);
			defaultConfigurationIsVisible = 0;
			defaultConfigurationName = Release;
		};
		A7C166A629F71DC2003B096D /* Build configuration list for PBXNativeTarget "HackSlash" */ = {
			isa = XCConfigurationList;
			buildConfigurations = (
				A7C166A729F71DC2003B096D /* Debug */,
				A7C166A829F71DC2003B096D /* Release */,
			);
			defaultConfigurationIsVisible = 0;
			defaultConfigurationName = Release;
		};
/* End XCConfigurationList section */
	};
	rootObject = A7C1668729F71DC1003B096D /* Project object */;
}
